{
  "name": "src",
  "version": "1.0.0",
  "lockfileVersion": 1,
  "requires": true,
  "dependencies": {
    "date-fns": {
      "version": "2.15.0",
      "resolved": "https://registry.npmjs.org/date-fns/-/date-fns-2.15.0.tgz",
      "integrity": "sha512-ZCPzAMJZn3rNUvvQIMlXhDr4A+Ar07eLeGsGREoWU19a3Pqf5oYa+ccd+B3F6XVtQY6HANMFdOQ8A+ipFnvJdQ=="
    },
    "date-fns-tz": {
      "version": "1.0.10",
      "resolved": "https://registry.npmjs.org/date-fns-tz/-/date-fns-tz-1.0.10.tgz",
      "integrity": "sha512-cHQAz0/9uDABaUNDM80Mj1FL4ODlxs1xEY4b0DQuAooO2UdNKvDkNbV8ogLnxLbv02Ru1HXFcot0pVvDRBgptg=="
    }
  }
}
